
Microsoft Visual Studio Solution File, Format Version 12.00
# Visual Studio Version 16
VisualStudioVersion = 16.0.32002.261
MinimumVisualStudioVersion = 10.0.40219.1
Project("{FAE04EC0-301F-11D3-BF4B-00C04F79EFBC}") = "WordCounter", "WordCounter\WordCounter.csproj", "{86C2D744-62DB-4F1B-BCA0-BE8842F23E9F}"
EndProject
Project("{FAE04EC0-301F-11D3-BF4B-00C04F79EFBC}") = "WordCounterFacade", "WordConterFacade\WordCounterFacade.csproj", "{076B0BE2-B324-43B6-9C0C-886CF2A6F31E}"
EndProject
Global
	GlobalSection(SolutionConfigurationPlatforms) = preSolution
		Debug|Any CPU = Debug|Any CPU
		Release|Any CPU = Release|Any CPU
	EndGlobalSection
	GlobalSection(ProjectConfigurationPlatforms) = postSolution
		{86C2D744-62DB-4F1B-BCA0-BE8842F23E9F}.Debug|Any CPU.ActiveCfg = Debug|Any CPU
		{86C2D744-62DB-4F1B-BCA0-BE8842F23E9F}.Debug|Any CPU.Build.0 = Debug|Any CPU
		{86C2D744-62DB-4F1B-BCA0-BE8842F23E9F}.Release|Any CPU.ActiveCfg = Release|Any CPU
		{86C2D744-62DB-4F1B-BCA0-BE8842F23E9F}.Release|Any CPU.Build.0 = Release|Any CPU
		{076B0BE2-B324-43B6-9C0C-886CF2A6F31E}.Debug|Any CPU.ActiveCfg = Debug|Any CPU
		{076B0BE2-B324-43B6-9C0C-886CF2A6F31E}.Debug|Any CPU.Build.0 = Debug|Any CPU
		{076B0BE2-B324-43B6-9C0C-886CF2A6F31E}.Release|Any CPU.ActiveCfg = Release|Any CPU
		{076B0BE2-B324-43B6-9C0C-886CF2A6F31E}.Release|Any CPU.Build.0 = Release|Any CPU
	EndGlobalSection
	GlobalSection(SolutionProperties) = preSolution
		HideSolutionNode = FALSE
	EndGlobalSection
	GlobalSection(ExtensibilityGlobals) = postSolution
		SolutionGuid = {E37C2332-5F8C-490B-A7E9-E0A1880C442D}
	EndGlobalSection
EndGlobal
